
Microsoft Visual Studio Solution File, Format Version 12.00
# Visual Studio 15
VisualStudioVersion = 15.0.26730.8
MinimumVisualStudioVersion = 10.0.40219.1
Project("{FAE04EC0-301F-11D3-BF4B-00C04F79EFBC}") = "VidPlace", "VidPlace\VidPlace.csproj", "{59E1AC74-B981-4440-8430-72B3CD9BCA07}"
EndProject
Global
	GlobalSection(SolutionConfigurationPlatforms) = preSolution
		Debug|Any CPU = Debug|Any CPU
		Release|Any CPU = Release|Any CPU
	EndGlobalSection
	GlobalSection(ProjectConfigurationPlatforms) = postSolution
		{59E1AC74-B981-4440-8430-72B3CD9BCA07}.Debug|Any CPU.ActiveCfg = Debug|Any CPU
		{59E1AC74-B981-4440-8430-72B3CD9BCA07}.Debug|Any CPU.Build.0 = Debug|Any CPU
		{59E1AC74-B981-4440-8430-72B3CD9BCA07}.Release|Any CPU.ActiveCfg = Release|Any CPU
		{59E1AC74-B981-4440-8430-72B3CD9BCA07}.Release|Any CPU.Build.0 = Release|Any CPU
	EndGlobalSection
	GlobalSection(SolutionProperties) = preSolution
		HideSolutionNode = FALSE
	EndGlobalSection
	GlobalSection(ExtensibilityGlobals) = postSolution
		SolutionGuid = {41F9B9BC-C42B-42AE-A195-24FB7E5AB059}
	EndGlobalSection
EndGlobal
