
Microsoft Visual Studio Solution File, Format Version 12.00
# Visual Studio 15
VisualStudioVersion = 15.0.26730.8
MinimumVisualStudioVersion = 10.0.40219.1
Project("{FAE04EC0-301F-11D3-BF4B-00C04F79EFBC}") = "Quotation Builder", "Quotation Builder\Quotation Builder.csproj", "{0092B1DF-B648-414F-8FF2-82F4BCCE14C4}"
EndProject
Global
	GlobalSection(SolutionConfigurationPlatforms) = preSolution
		Debug|Any CPU = Debug|Any CPU
		Release|Any CPU = Release|Any CPU
	EndGlobalSection
	GlobalSection(ProjectConfigurationPlatforms) = postSolution
		{0092B1DF-B648-414F-8FF2-82F4BCCE14C4}.Debug|Any CPU.ActiveCfg = Debug|Any CPU
		{0092B1DF-B648-414F-8FF2-82F4BCCE14C4}.Debug|Any CPU.Build.0 = Debug|Any CPU
		{0092B1DF-B648-414F-8FF2-82F4BCCE14C4}.Release|Any CPU.ActiveCfg = Release|Any CPU
		{0092B1DF-B648-414F-8FF2-82F4BCCE14C4}.Release|Any CPU.Build.0 = Release|Any CPU
	EndGlobalSection
	GlobalSection(SolutionProperties) = preSolution
		HideSolutionNode = FALSE
	EndGlobalSection
	GlobalSection(ExtensibilityGlobals) = postSolution
		SolutionGuid = {FF2D62AD-67BA-4790-BC95-7851D9AA62E3}
	EndGlobalSection
EndGlobal
