
Microsoft Visual Studio Solution File, Format Version 12.00
# Visual Studio 15
VisualStudioVersion = 15.0.26730.8
MinimumVisualStudioVersion = 10.0.40219.1
Project("{FAE04EC0-301F-11D3-BF4B-00C04F79EFBC}") = "InvestmentCalculator", "InvestmentCalculator\InvestmentCalculator.csproj", "{B98A672E-650C-4CEA-9B96-0A985C024DCD}"
EndProject
Global
	GlobalSection(SolutionConfigurationPlatforms) = preSolution
		Debug|Any CPU = Debug|Any CPU
		Release|Any CPU = Release|Any CPU
	EndGlobalSection
	GlobalSection(ProjectConfigurationPlatforms) = postSolution
		{B98A672E-650C-4CEA-9B96-0A985C024DCD}.Debug|Any CPU.ActiveCfg = Debug|Any CPU
		{B98A672E-650C-4CEA-9B96-0A985C024DCD}.Debug|Any CPU.Build.0 = Debug|Any CPU
		{B98A672E-650C-4CEA-9B96-0A985C024DCD}.Release|Any CPU.ActiveCfg = Release|Any CPU
		{B98A672E-650C-4CEA-9B96-0A985C024DCD}.Release|Any CPU.Build.0 = Release|Any CPU
	EndGlobalSection
	GlobalSection(SolutionProperties) = preSolution
		HideSolutionNode = FALSE
	EndGlobalSection
	GlobalSection(ExtensibilityGlobals) = postSolution
		SolutionGuid = {0FA394A7-D605-4FD4-9515-42E8358D3D7C}
	EndGlobalSection
EndGlobal
