
Microsoft Visual Studio Solution File, Format Version 12.00
# Visual Studio 15
VisualStudioVersion = 15.0.27428.2027
MinimumVisualStudioVersion = 10.0.40219.1
Project("{FAE04EC0-301F-11D3-BF4B-00C04F79EFBC}") = "MasterPages", "MasterPages\MasterPages.csproj", "{65A2FD6D-9785-4AD9-ABCE-6B0B2BC3BC08}"
EndProject
Global
	GlobalSection(SolutionConfigurationPlatforms) = preSolution
		Debug|Any CPU = Debug|Any CPU
		Release|Any CPU = Release|Any CPU
	EndGlobalSection
	GlobalSection(ProjectConfigurationPlatforms) = postSolution
		{65A2FD6D-9785-4AD9-ABCE-6B0B2BC3BC08}.Debug|Any CPU.ActiveCfg = Debug|Any CPU
		{65A2FD6D-9785-4AD9-ABCE-6B0B2BC3BC08}.Debug|Any CPU.Build.0 = Debug|Any CPU
		{65A2FD6D-9785-4AD9-ABCE-6B0B2BC3BC08}.Release|Any CPU.ActiveCfg = Release|Any CPU
		{65A2FD6D-9785-4AD9-ABCE-6B0B2BC3BC08}.Release|Any CPU.Build.0 = Release|Any CPU
	EndGlobalSection
	GlobalSection(SolutionProperties) = preSolution
		HideSolutionNode = FALSE
	EndGlobalSection
	GlobalSection(ExtensibilityGlobals) = postSolution
		SolutionGuid = {951E4035-2700-4D86-8B54-45DAAA17A022}
	EndGlobalSection
EndGlobal
