
Microsoft Visual Studio Solution File, Format Version 12.00
# Visual Studio 15
VisualStudioVersion = 15.0.27703.2018
MinimumVisualStudioVersion = 10.0.40219.1
Project("{FAE04EC0-301F-11D3-BF4B-00C04F79EFBC}") = "DataSourcesP1", "DataSourcesP1\DataSourcesP1.csproj", "{6C6DF71D-A968-4187-8DC5-E27BADBD1DEE}"
EndProject
Global
	GlobalSection(SolutionConfigurationPlatforms) = preSolution
		Debug|Any CPU = Debug|Any CPU
		Release|Any CPU = Release|Any CPU
	EndGlobalSection
	GlobalSection(ProjectConfigurationPlatforms) = postSolution
		{6C6DF71D-A968-4187-8DC5-E27BADBD1DEE}.Debug|Any CPU.ActiveCfg = Debug|Any CPU
		{6C6DF71D-A968-4187-8DC5-E27BADBD1DEE}.Debug|Any CPU.Build.0 = Debug|Any CPU
		{6C6DF71D-A968-4187-8DC5-E27BADBD1DEE}.Release|Any CPU.ActiveCfg = Release|Any CPU
		{6C6DF71D-A968-4187-8DC5-E27BADBD1DEE}.Release|Any CPU.Build.0 = Release|Any CPU
	EndGlobalSection
	GlobalSection(SolutionProperties) = preSolution
		HideSolutionNode = FALSE
	EndGlobalSection
	GlobalSection(ExtensibilityGlobals) = postSolution
		SolutionGuid = {FE8108FC-FFBF-434D-A42E-E65AF42FA18D}
	EndGlobalSection
EndGlobal
