
Microsoft Visual Studio Solution File, Format Version 12.00
# Visual Studio 15
VisualStudioVersion = 15.0.27428.2027
MinimumVisualStudioVersion = 10.0.40219.1
Project("{FAE04EC0-301F-11D3-BF4B-00C04F79EFBC}") = "ObjectDS", "ObjectDS\ObjectDS.csproj", "{9031A393-62F6-4FE7-ADFD-230E5111641F}"
EndProject
Global
	GlobalSection(SolutionConfigurationPlatforms) = preSolution
		Debug|Any CPU = Debug|Any CPU
		Release|Any CPU = Release|Any CPU
	EndGlobalSection
	GlobalSection(ProjectConfigurationPlatforms) = postSolution
		{9031A393-62F6-4FE7-ADFD-230E5111641F}.Debug|Any CPU.ActiveCfg = Debug|Any CPU
		{9031A393-62F6-4FE7-ADFD-230E5111641F}.Debug|Any CPU.Build.0 = Debug|Any CPU
		{9031A393-62F6-4FE7-ADFD-230E5111641F}.Release|Any CPU.ActiveCfg = Release|Any CPU
		{9031A393-62F6-4FE7-ADFD-230E5111641F}.Release|Any CPU.Build.0 = Release|Any CPU
	EndGlobalSection
	GlobalSection(SolutionProperties) = preSolution
		HideSolutionNode = FALSE
	EndGlobalSection
	GlobalSection(ExtensibilityGlobals) = postSolution
		SolutionGuid = {91644F7D-1772-4C8B-BAD6-06F5A89CFE36}
	EndGlobalSection
EndGlobal
